
Microsoft Visual Studio Solution File, Format Version 12.00
# Visual Studio Version 17
VisualStudioVersion = 17.4.32804.182
MinimumVisualStudioVersion = 10.0.40219.1
Project("{9A19103F-16F7-4668-BE54-9A1E7A4F7556}") = "MyKudosDashboard", "MyKudosDashboard\MyKudosDashboard.csproj", "{A8A35840-E19E-4E19-9FBA-2E4E9FA6AEE6}"
EndProject
Project("{2150E333-8FDC-42A3-9474-1A3956D46DE8}") = "Microservices", "Microservices", "{48B2AD56-595E-4519-AD18-616A721CD82A}"
EndProject
Project("{2150E333-8FDC-42A3-9474-1A3956D46DE8}") = "Presentation", "Presentation", "{8F3B1B63-87E1-4799-A9E1-B48E073428C1}"
EndProject
Project("{2150E333-8FDC-42A3-9474-1A3956D46DE8}") = "Domain", "Domain", "{CCD07EAB-287B-42EA-8046-9F6B1CA75E86}"
EndProject
Project("{9A19103F-16F7-4668-BE54-9A1E7A4F7556}") = "MyKudos.Domain.Core", "MyKudos.Domain.Core\MyKudos.Domain.Core.csproj", "{3CC59EB4-394B-4228-99E0-D7CA97732F48}"
EndProject
Project("{9A19103F-16F7-4668-BE54-9A1E7A4F7556}") = "MyKudos.Infra.Bus", "MyKudos.Infra.Bus\MyKudos.Infra.Bus.csproj", "{1D3A9AA1-63B6-4803-BEAE-19C09E8B8B5C}"
EndProject
Project("{2150E333-8FDC-42A3-9474-1A3956D46DE8}") = "Infra.Bus", "Infra.Bus", "{3EB25CCC-2EDC-4532-AB5F-8757D4268257}"
EndProject
Project("{2150E333-8FDC-42A3-9474-1A3956D46DE8}") = "Infra.IoC", "Infra.IoC", "{F8F5912C-9F4B-47BF-B234-9FD5E6057C47}"
EndProject
Project("{9A19103F-16F7-4668-BE54-9A1E7A4F7556}") = "MyKudos.Infra.IoC", "MyKudos.Infra.IoC\MyKudos.Infra.IoC.csproj", "{DE04E6AD-D3A9-43A7-A22F-1AB6903F2D16}"
EndProject
Project("{2150E333-8FDC-42A3-9474-1A3956D46DE8}") = "Dashboard", "Dashboard", "{51723E8F-D29B-4283-BA19-DA78B7BFB665}"
EndProject
Project("{2150E333-8FDC-42A3-9474-1A3956D46DE8}") = "Api", "Api", "{52647330-D1FC-4D53-8125-B0E90A28AF0F}"
EndProject
Project("{2150E333-8FDC-42A3-9474-1A3956D46DE8}") = "Domain", "Domain", "{B68088AE-2440-4EA8-B526-32C7C3487F43}"
EndProject
Project("{2150E333-8FDC-42A3-9474-1A3956D46DE8}") = "Application", "Application", "{FA95D0C4-0783-4E66-BFE5-87F962126597}"
EndProject
Project("{2150E333-8FDC-42A3-9474-1A3956D46DE8}") = "Data", "Data", "{58202626-E190-4216-B531-81C19B06BD7B}"
EndProject
Project("{9A19103F-16F7-4668-BE54-9A1E7A4F7556}") = "MyKudos.Dashboard.Api", "MyKudos.Dashboard.Api\MyKudos.Dashboard.Api.csproj", "{CFFB4E82-216D-460D-A5E5-227E910E72CC}"
EndProject
Project("{9A19103F-16F7-4668-BE54-9A1E7A4F7556}") = "MyKudos.Dashboard.Domain", "MyKudos.Dashboard.Domain\MyKudos.Dashboard.Domain.csproj", "{F558B345-A3EC-454F-A228-B01DF4314118}"
EndProject
Project("{9A19103F-16F7-4668-BE54-9A1E7A4F7556}") = "MyKudos.Dashboard.App", "MyKudos.Dashboard.App\MyKudos.Dashboard.App.csproj", "{38BE8C6F-82CC-4B14-9BF9-E964774A60BD}"
EndProject
Project("{9A19103F-16F7-4668-BE54-9A1E7A4F7556}") = "MyKudos.Dashboard.Data", "MyKudos.Dashboard.Data\MyKudos.Dashboard.Data.csproj", "{4E108403-20CA-4063-B803-9527C7D3B7E6}"
EndProject
Project("{2150E333-8FDC-42A3-9474-1A3956D46DE8}") = "Kudos", "Kudos", "{304F2498-4826-4DAC-B2A9-A12BB960889B}"
EndProject
Project("{2150E333-8FDC-42A3-9474-1A3956D46DE8}") = "Api", "Api", "{DAE9BC9E-E750-4908-9DC8-529695DA3DFB}"
EndProject
Project("{2150E333-8FDC-42A3-9474-1A3956D46DE8}") = "App", "App", "{1116B24A-8FCD-46B9-9B18-4CBE1F5844A4}"
EndProject
Project("{2150E333-8FDC-42A3-9474-1A3956D46DE8}") = "Data", "Data", "{EDC8426F-AC47-4292-9453-A1BD92AB3B38}"
EndProject
Project("{2150E333-8FDC-42A3-9474-1A3956D46DE8}") = "Domain", "Domain", "{2A077BED-C841-433F-BBDB-E64B3931FEFE}"
EndProject
Project("{FAE04EC0-301F-11D3-BF4B-00C04F79EFBC}") = "MyKudos.Kudos.Api", "MyKudos.Kudos.Api\MyKudos.Kudos.Api.csproj", "{F20983EF-9AD8-4BB8-B455-1F8C75E7E90B}"
EndProject
Project("{FAE04EC0-301F-11D3-BF4B-00C04F79EFBC}") = "MyKudos.Kudos.App", "MyKudos.Kudos.App\MyKudos.Kudos.App.csproj", "{53A19812-9E8F-4C4E-8BF2-462D8B563406}"
EndProject
Project("{FAE04EC0-301F-11D3-BF4B-00C04F79EFBC}") = "MyKudos.Kudos.Data", "MyKudos.Kudos.Data\MyKudos.Kudos.Data.csproj", "{54C5E7BE-8690-40D6-A053-296B642EF98E}"
EndProject
Project("{FAE04EC0-301F-11D3-BF4B-00C04F79EFBC}") = "MyKudos.Kudos.Domain", "MyKudos.Kudos.Domain\MyKudos.Kudos.Domain.csproj", "{B8950AEC-6BA2-48EB-9392-91C7B7723979}"
EndProject
Global
	GlobalSection(SolutionConfigurationPlatforms) = preSolution
		Debug|Any CPU = Debug|Any CPU
		Release|Any CPU = Release|Any CPU
	EndGlobalSection
	GlobalSection(ProjectConfigurationPlatforms) = postSolution
		{A8A35840-E19E-4E19-9FBA-2E4E9FA6AEE6}.Debug|Any CPU.ActiveCfg = Debug|Any CPU
		{A8A35840-E19E-4E19-9FBA-2E4E9FA6AEE6}.Debug|Any CPU.Build.0 = Debug|Any CPU
		{A8A35840-E19E-4E19-9FBA-2E4E9FA6AEE6}.Debug|Any CPU.Deploy.0 = Debug|Any CPU
		{A8A35840-E19E-4E19-9FBA-2E4E9FA6AEE6}.Release|Any CPU.ActiveCfg = Release|Any CPU
		{A8A35840-E19E-4E19-9FBA-2E4E9FA6AEE6}.Release|Any CPU.Build.0 = Release|Any CPU
		{A8A35840-E19E-4E19-9FBA-2E4E9FA6AEE6}.Release|Any CPU.Deploy.0 = Release|Any CPU
		{3CC59EB4-394B-4228-99E0-D7CA97732F48}.Debug|Any CPU.ActiveCfg = Debug|Any CPU
		{3CC59EB4-394B-4228-99E0-D7CA97732F48}.Debug|Any CPU.Build.0 = Debug|Any CPU
		{3CC59EB4-394B-4228-99E0-D7CA97732F48}.Release|Any CPU.ActiveCfg = Release|Any CPU
		{3CC59EB4-394B-4228-99E0-D7CA97732F48}.Release|Any CPU.Build.0 = Release|Any CPU
		{1D3A9AA1-63B6-4803-BEAE-19C09E8B8B5C}.Debug|Any CPU.ActiveCfg = Debug|Any CPU
		{1D3A9AA1-63B6-4803-BEAE-19C09E8B8B5C}.Debug|Any CPU.Build.0 = Debug|Any CPU
		{1D3A9AA1-63B6-4803-BEAE-19C09E8B8B5C}.Release|Any CPU.ActiveCfg = Release|Any CPU
		{1D3A9AA1-63B6-4803-BEAE-19C09E8B8B5C}.Release|Any CPU.Build.0 = Release|Any CPU
		{DE04E6AD-D3A9-43A7-A22F-1AB6903F2D16}.Debug|Any CPU.ActiveCfg = Debug|Any CPU
		{DE04E6AD-D3A9-43A7-A22F-1AB6903F2D16}.Debug|Any CPU.Build.0 = Debug|Any CPU
		{DE04E6AD-D3A9-43A7-A22F-1AB6903F2D16}.Release|Any CPU.ActiveCfg = Release|Any CPU
		{DE04E6AD-D3A9-43A7-A22F-1AB6903F2D16}.Release|Any CPU.Build.0 = Release|Any CPU
		{CFFB4E82-216D-460D-A5E5-227E910E72CC}.Debug|Any CPU.ActiveCfg = Debug|Any CPU
		{CFFB4E82-216D-460D-A5E5-227E910E72CC}.Debug|Any CPU.Build.0 = Debug|Any CPU
		{CFFB4E82-216D-460D-A5E5-227E910E72CC}.Release|Any CPU.ActiveCfg = Release|Any CPU
		{CFFB4E82-216D-460D-A5E5-227E910E72CC}.Release|Any CPU.Build.0 = Release|Any CPU
		{F558B345-A3EC-454F-A228-B01DF4314118}.Debug|Any CPU.ActiveCfg = Debug|Any CPU
		{F558B345-A3EC-454F-A228-B01DF4314118}.Debug|Any CPU.Build.0 = Debug|Any CPU
		{F558B345-A3EC-454F-A228-B01DF4314118}.Release|Any CPU.ActiveCfg = Release|Any CPU
		{F558B345-A3EC-454F-A228-B01DF4314118}.Release|Any CPU.Build.0 = Release|Any CPU
		{38BE8C6F-82CC-4B14-9BF9-E964774A60BD}.Debug|Any CPU.ActiveCfg = Debug|Any CPU
		{38BE8C6F-82CC-4B14-9BF9-E964774A60BD}.Debug|Any CPU.Build.0 = Debug|Any CPU
		{38BE8C6F-82CC-4B14-9BF9-E964774A60BD}.Release|Any CPU.ActiveCfg = Release|Any CPU
		{38BE8C6F-82CC-4B14-9BF9-E964774A60BD}.Release|Any CPU.Build.0 = Release|Any CPU
		{4E108403-20CA-4063-B803-9527C7D3B7E6}.Debug|Any CPU.ActiveCfg = Debug|Any CPU
		{4E108403-20CA-4063-B803-9527C7D3B7E6}.Debug|Any CPU.Build.0 = Debug|Any CPU
		{4E108403-20CA-4063-B803-9527C7D3B7E6}.Release|Any CPU.ActiveCfg = Release|Any CPU
		{4E108403-20CA-4063-B803-9527C7D3B7E6}.Release|Any CPU.Build.0 = Release|Any CPU
		{F20983EF-9AD8-4BB8-B455-1F8C75E7E90B}.Debug|Any CPU.ActiveCfg = Debug|Any CPU
		{F20983EF-9AD8-4BB8-B455-1F8C75E7E90B}.Debug|Any CPU.Build.0 = Debug|Any CPU
		{F20983EF-9AD8-4BB8-B455-1F8C75E7E90B}.Release|Any CPU.ActiveCfg = Release|Any CPU
		{F20983EF-9AD8-4BB8-B455-1F8C75E7E90B}.Release|Any CPU.Build.0 = Release|Any CPU
		{53A19812-9E8F-4C4E-8BF2-462D8B563406}.Debug|Any CPU.ActiveCfg = Debug|Any CPU
		{53A19812-9E8F-4C4E-8BF2-462D8B563406}.Debug|Any CPU.Build.0 = Debug|Any CPU
		{53A19812-9E8F-4C4E-8BF2-462D8B563406}.Release|Any CPU.ActiveCfg = Release|Any CPU
		{53A19812-9E8F-4C4E-8BF2-462D8B563406}.Release|Any CPU.Build.0 = Release|Any CPU
		{54C5E7BE-8690-40D6-A053-296B642EF98E}.Debug|Any CPU.ActiveCfg = Debug|Any CPU
		{54C5E7BE-8690-40D6-A053-296B642EF98E}.Debug|Any CPU.Build.0 = Debug|Any CPU
		{54C5E7BE-8690-40D6-A053-296B642EF98E}.Release|Any CPU.ActiveCfg = Release|Any CPU
		{54C5E7BE-8690-40D6-A053-296B642EF98E}.Release|Any CPU.Build.0 = Release|Any CPU
		{B8950AEC-6BA2-48EB-9392-91C7B7723979}.Debug|Any CPU.ActiveCfg = Debug|Any CPU
		{B8950AEC-6BA2-48EB-9392-91C7B7723979}.Debug|Any CPU.Build.0 = Debug|Any CPU
		{B8950AEC-6BA2-48EB-9392-91C7B7723979}.Release|Any CPU.ActiveCfg = Release|Any CPU
		{B8950AEC-6BA2-48EB-9392-91C7B7723979}.Release|Any CPU.Build.0 = Release|Any CPU
	EndGlobalSection
	GlobalSection(SolutionProperties) = preSolution
		HideSolutionNode = FALSE
	EndGlobalSection
	GlobalSection(NestedProjects) = preSolution
		{A8A35840-E19E-4E19-9FBA-2E4E9FA6AEE6} = {8F3B1B63-87E1-4799-A9E1-B48E073428C1}
		{3CC59EB4-394B-4228-99E0-D7CA97732F48} = {CCD07EAB-287B-42EA-8046-9F6B1CA75E86}
		{1D3A9AA1-63B6-4803-BEAE-19C09E8B8B5C} = {3EB25CCC-2EDC-4532-AB5F-8757D4268257}
		{DE04E6AD-D3A9-43A7-A22F-1AB6903F2D16} = {F8F5912C-9F4B-47BF-B234-9FD5E6057C47}
		{51723E8F-D29B-4283-BA19-DA78B7BFB665} = {48B2AD56-595E-4519-AD18-616A721CD82A}
		{52647330-D1FC-4D53-8125-B0E90A28AF0F} = {51723E8F-D29B-4283-BA19-DA78B7BFB665}
		{B68088AE-2440-4EA8-B526-32C7C3487F43} = {51723E8F-D29B-4283-BA19-DA78B7BFB665}
		{FA95D0C4-0783-4E66-BFE5-87F962126597} = {51723E8F-D29B-4283-BA19-DA78B7BFB665}
		{58202626-E190-4216-B531-81C19B06BD7B} = {51723E8F-D29B-4283-BA19-DA78B7BFB665}
		{CFFB4E82-216D-460D-A5E5-227E910E72CC} = {52647330-D1FC-4D53-8125-B0E90A28AF0F}
		{F558B345-A3EC-454F-A228-B01DF4314118} = {B68088AE-2440-4EA8-B526-32C7C3487F43}
		{38BE8C6F-82CC-4B14-9BF9-E964774A60BD} = {FA95D0C4-0783-4E66-BFE5-87F962126597}
		{4E108403-20CA-4063-B803-9527C7D3B7E6} = {58202626-E190-4216-B531-81C19B06BD7B}
		{304F2498-4826-4DAC-B2A9-A12BB960889B} = {48B2AD56-595E-4519-AD18-616A721CD82A}
		{DAE9BC9E-E750-4908-9DC8-529695DA3DFB} = {304F2498-4826-4DAC-B2A9-A12BB960889B}
		{1116B24A-8FCD-46B9-9B18-4CBE1F5844A4} = {304F2498-4826-4DAC-B2A9-A12BB960889B}
		{EDC8426F-AC47-4292-9453-A1BD92AB3B38} = {304F2498-4826-4DAC-B2A9-A12BB960889B}
		{2A077BED-C841-433F-BBDB-E64B3931FEFE} = {304F2498-4826-4DAC-B2A9-A12BB960889B}
		{F20983EF-9AD8-4BB8-B455-1F8C75E7E90B} = {DAE9BC9E-E750-4908-9DC8-529695DA3DFB}
		{53A19812-9E8F-4C4E-8BF2-462D8B563406} = {1116B24A-8FCD-46B9-9B18-4CBE1F5844A4}
		{54C5E7BE-8690-40D6-A053-296B642EF98E} = {EDC8426F-AC47-4292-9453-A1BD92AB3B38}
		{B8950AEC-6BA2-48EB-9392-91C7B7723979} = {2A077BED-C841-433F-BBDB-E64B3931FEFE}
	EndGlobalSection
	GlobalSection(ExtensibilityGlobals) = postSolution
		SolutionGuid = {B9FD23DD-B31F-4099-924D-9B4DC9ADA1DE}
	EndGlobalSection
EndGlobal
