
Microsoft Visual Studio Solution File, Format Version 12.00
# Visual Studio Version 17
VisualStudioVersion = 17.4.32804.182
MinimumVisualStudioVersion = 10.0.40219.1
Project("{9A19103F-16F7-4668-BE54-9A1E7A4F7556}") = "MyKudosDashboard", "MyKudosDashboard\MyKudosDashboard.csproj", "{A8A35840-E19E-4E19-9FBA-2E4E9FA6AEE6}"
EndProject
Project("{2150E333-8FDC-42A3-9474-1A3956D46DE8}") = "Microservices", "Microservices", "{48B2AD56-595E-4519-AD18-616A721CD82A}"
EndProject
Project("{2150E333-8FDC-42A3-9474-1A3956D46DE8}") = "Presentation", "Presentation", "{8F3B1B63-87E1-4799-A9E1-B48E073428C1}"
EndProject
Project("{2150E333-8FDC-42A3-9474-1A3956D46DE8}") = "Domain", "Domain", "{CCD07EAB-287B-42EA-8046-9F6B1CA75E86}"
EndProject
Project("{9A19103F-16F7-4668-BE54-9A1E7A4F7556}") = "MyKudos.Domain.Core", "MyKudos.Domain.Core\MyKudos.Domain.Core.csproj", "{3CC59EB4-394B-4228-99E0-D7CA97732F48}"
EndProject
Project("{9A19103F-16F7-4668-BE54-9A1E7A4F7556}") = "MyKudos.Infra.Bus", "MyKudos.Infra.Bus\MyKudos.Infra.Bus.csproj", "{1D3A9AA1-63B6-4803-BEAE-19C09E8B8B5C}"
EndProject
Project("{2150E333-8FDC-42A3-9474-1A3956D46DE8}") = "Infra.Bus", "Infra.Bus", "{3EB25CCC-2EDC-4532-AB5F-8757D4268257}"
EndProject
Project("{2150E333-8FDC-42A3-9474-1A3956D46DE8}") = "Infra.IoC", "Infra.IoC", "{F8F5912C-9F4B-47BF-B234-9FD5E6057C47}"
EndProject
Project("{9A19103F-16F7-4668-BE54-9A1E7A4F7556}") = "MyKudos.Infra.IoC", "MyKudos.Infra.IoC\MyKudos.Infra.IoC.csproj", "{DE04E6AD-D3A9-43A7-A22F-1AB6903F2D16}"
EndProject
Project("{2150E333-8FDC-42A3-9474-1A3956D46DE8}") = "Recognition", "Recognition", "{51723E8F-D29B-4283-BA19-DA78B7BFB665}"
EndProject
Project("{2150E333-8FDC-42A3-9474-1A3956D46DE8}") = "Api", "Api", "{52647330-D1FC-4D53-8125-B0E90A28AF0F}"
EndProject
Project("{2150E333-8FDC-42A3-9474-1A3956D46DE8}") = "Domain", "Domain", "{B68088AE-2440-4EA8-B526-32C7C3487F43}"
EndProject
Project("{2150E333-8FDC-42A3-9474-1A3956D46DE8}") = "Application", "Application", "{FA95D0C4-0783-4E66-BFE5-87F962126597}"
EndProject
Project("{2150E333-8FDC-42A3-9474-1A3956D46DE8}") = "Data", "Data", "{58202626-E190-4216-B531-81C19B06BD7B}"
EndProject
Project("{9A19103F-16F7-4668-BE54-9A1E7A4F7556}") = "MyKudos.Recognition.Api", "MyKudos.Recognition.Api\MyKudos.Recognition.Api.csproj", "{CFFB4E82-216D-460D-A5E5-227E910E72CC}"
EndProject
Project("{9A19103F-16F7-4668-BE54-9A1E7A4F7556}") = "MyKudos.Recognition.Domain", "MyKudos.Recognition.Domain\MyKudos.Recognition.Domain.csproj", "{F558B345-A3EC-454F-A228-B01DF4314118}"
EndProject
Project("{9A19103F-16F7-4668-BE54-9A1E7A4F7556}") = "MyKudos.Recognition.App", "MyKudos.Recognition.App\MyKudos.Recognition.App.csproj", "{38BE8C6F-82CC-4B14-9BF9-E964774A60BD}"
EndProject
Project("{9A19103F-16F7-4668-BE54-9A1E7A4F7556}") = "MyKudos.Recognition.Data", "MyKudos.Recognition.Data\MyKudos.Recognition.Data.csproj", "{4E108403-20CA-4063-B803-9527C7D3B7E6}"
EndProject
Project("{2150E333-8FDC-42A3-9474-1A3956D46DE8}") = "Kudos", "Kudos", "{304F2498-4826-4DAC-B2A9-A12BB960889B}"
EndProject
Project("{2150E333-8FDC-42A3-9474-1A3956D46DE8}") = "Api", "Api", "{DAE9BC9E-E750-4908-9DC8-529695DA3DFB}"
EndProject
Project("{2150E333-8FDC-42A3-9474-1A3956D46DE8}") = "App", "App", "{1116B24A-8FCD-46B9-9B18-4CBE1F5844A4}"
EndProject
Project("{2150E333-8FDC-42A3-9474-1A3956D46DE8}") = "Data", "Data", "{EDC8426F-AC47-4292-9453-A1BD92AB3B38}"
EndProject
Project("{2150E333-8FDC-42A3-9474-1A3956D46DE8}") = "Domain", "Domain", "{2A077BED-C841-433F-BBDB-E64B3931FEFE}"
EndProject
Project("{9A19103F-16F7-4668-BE54-9A1E7A4F7556}") = "MyKudos.Kudos.Api", "MyKudos.Kudos.Api\MyKudos.Kudos.Api.csproj", "{F20983EF-9AD8-4BB8-B455-1F8C75E7E90B}"
EndProject
Project("{9A19103F-16F7-4668-BE54-9A1E7A4F7556}") = "MyKudos.Kudos.App", "MyKudos.Kudos.App\MyKudos.Kudos.App.csproj", "{53A19812-9E8F-4C4E-8BF2-462D8B563406}"
EndProject
Project("{9A19103F-16F7-4668-BE54-9A1E7A4F7556}") = "MyKudos.Kudos.Data", "MyKudos.Kudos.Data\MyKudos.Kudos.Data.csproj", "{54C5E7BE-8690-40D6-A053-296B642EF98E}"
EndProject
Project("{9A19103F-16F7-4668-BE54-9A1E7A4F7556}") = "MyKudos.Kudos.Domain", "MyKudos.Kudos.Domain\MyKudos.Kudos.Domain.csproj", "{B8950AEC-6BA2-48EB-9392-91C7B7723979}"
EndProject
Project("{2150E333-8FDC-42A3-9474-1A3956D46DE8}") = "Gateway", "Gateway", "{5064F191-2C6D-45B5-A6FB-FD0D80DD271D}"
EndProject
Project("{9A19103F-16F7-4668-BE54-9A1E7A4F7556}") = "MyKudos.Gateway", "MyKudos.Gateway\MyKudos.Gateway.csproj", "{783C6345-2433-439E-B5FB-C7F841980818}"
EndProject
Project("{2150E333-8FDC-42A3-9474-1A3956D46DE8}") = "MSGraph", "MSGraph", "{34354A9E-3991-46CD-90E0-151414332950}"
EndProject
Project("{2150E333-8FDC-42A3-9474-1A3956D46DE8}") = "Api", "Api", "{DCE38E39-4AB4-498C-B876-30C65DB397DD}"
EndProject
Project("{9A19103F-16F7-4668-BE54-9A1E7A4F7556}") = "MyKudos.MSGraph.Api", "MyKudos.MSGraph.Api\MyKudos.MSGraph.Api.csproj", "{0FDADB21-7970-4EF1-BAC3-FFA8BD9C9C4D}"
EndProject
Project("{2150E333-8FDC-42A3-9474-1A3956D46DE8}") = "Deployment", "Deployment", "{C4FAFEEB-25D6-4DA5-8A7D-912238923CF4}"
	ProjectSection(SolutionItems) = preProject
		armdeploy.json = armdeploy.json
	EndProjectSection
EndProject
Project("{9A19103F-16F7-4668-BE54-9A1E7A4F7556}") = "MyKudos.Notification", "MyKudos.Notification\MyKudos.Notification.csproj", "{10832206-E0B0-4B56-8F35-585BB26ABEA5}"
EndProject
Project("{2150E333-8FDC-42A3-9474-1A3956D46DE8}") = "Notification", "Notification", "{9C62CC4D-F306-465F-AE53-012B72B94864}"
EndProject
Project("{9A19103F-16F7-4668-BE54-9A1E7A4F7556}") = "MyKudos.Kudos.Notification.Receiver", "MyKudos.Kudos.Notification.Receiver\MyKudos.Kudos.Notification.Receiver.csproj", "{7830ACA3-06C2-4EAD-A800-EFF6361F7A64}"
EndProject
Project("{2150E333-8FDC-42A3-9474-1A3956D46DE8}") = "Gamification", "Gamification", "{1E3B3FF3-0155-4FCC-8DF8-5961665E135B}"
EndProject
Project("{2150E333-8FDC-42A3-9474-1A3956D46DE8}") = "Api", "Api", "{7D79C3AB-B2A3-443A-A803-9AE44F6A67B5}"
EndProject
Project("{9A19103F-16F7-4668-BE54-9A1E7A4F7556}") = "MyKudos.Gamification.Api", "MyKudos.Gamification.Api\MyKudos.Gamification.Api.csproj", "{7EDB2DF0-8717-4E14-B2A1-E33F3976A86C}"
EndProject
Project("{2150E333-8FDC-42A3-9474-1A3956D46DE8}") = "App", "App", "{09E36024-E385-4DEA-9BF5-A7A96F623DF9}"
EndProject
Project("{2150E333-8FDC-42A3-9474-1A3956D46DE8}") = "Data", "Data", "{5FD92B59-4EE9-4F9D-9594-2EDF9A53F2C4}"
EndProject
Project("{2150E333-8FDC-42A3-9474-1A3956D46DE8}") = "Domain", "Domain", "{F03C1DE1-D799-40E3-906D-4A80A29233C5}"
EndProject
Project("{9A19103F-16F7-4668-BE54-9A1E7A4F7556}") = "MyKudos.Gamification.Domain", "MyKudos.Gamification.Domain\MyKudos.Gamification.Domain.csproj", "{76116D09-D745-4B78-B308-19ED2560106F}"
EndProject
Project("{9A19103F-16F7-4668-BE54-9A1E7A4F7556}") = "MyKudos.Gamification.Data", "MyKudos.Gamification.Data\MyKudos.Gamification.Data.csproj", "{5B67EB65-EC4D-471F-8412-633CB63C5513}"
EndProject
Project("{9A19103F-16F7-4668-BE54-9A1E7A4F7556}") = "MyKudos.Gamification.App", "MyKudos.Gamification.App\MyKudos.Gamification.App.csproj", "{82692C93-079D-4695-8E77-418225396AA0}"
EndProject
Project("{2150E333-8FDC-42A3-9474-1A3956D46DE8}") = "Functions", "Functions", "{C315AB40-BA6A-416A-B095-DB92EB3710D5}"
EndProject
Project("{9A19103F-16F7-4668-BE54-9A1E7A4F7556}") = "MyKudos.Gamification.Receiver", "MyKudos.Gamification.KudosSent.Receiver\MyKudos.Gamification.Receiver.csproj", "{97E910DD-8865-4E2B-8BC5-9F0F1E1F1095}"
EndProject
Project("{2150E333-8FDC-42A3-9474-1A3956D46DE8}") = "Token", "Token", "{CD929C8D-1FC4-4262-B772-330493C97FD2}"
EndProject
Project("{9A19103F-16F7-4668-BE54-9A1E7A4F7556}") = "MyKudos.Kudos.Token", "MyKudos.Kudos.Token\MyKudos.Kudos.Token.csproj", "{331695CC-B5A5-43B0-8F5D-A928F5EC4709}"
EndProject
Global
	GlobalSection(SolutionConfigurationPlatforms) = preSolution
		Debug|Any CPU = Debug|Any CPU
		Release|Any CPU = Release|Any CPU
	EndGlobalSection
	GlobalSection(ProjectConfigurationPlatforms) = postSolution
		{A8A35840-E19E-4E19-9FBA-2E4E9FA6AEE6}.Debug|Any CPU.ActiveCfg = Debug|Any CPU
		{A8A35840-E19E-4E19-9FBA-2E4E9FA6AEE6}.Debug|Any CPU.Build.0 = Debug|Any CPU
		{A8A35840-E19E-4E19-9FBA-2E4E9FA6AEE6}.Debug|Any CPU.Deploy.0 = Debug|Any CPU
		{A8A35840-E19E-4E19-9FBA-2E4E9FA6AEE6}.Release|Any CPU.ActiveCfg = Release|Any CPU
		{A8A35840-E19E-4E19-9FBA-2E4E9FA6AEE6}.Release|Any CPU.Build.0 = Release|Any CPU
		{A8A35840-E19E-4E19-9FBA-2E4E9FA6AEE6}.Release|Any CPU.Deploy.0 = Release|Any CPU
		{3CC59EB4-394B-4228-99E0-D7CA97732F48}.Debug|Any CPU.ActiveCfg = Debug|Any CPU
		{3CC59EB4-394B-4228-99E0-D7CA97732F48}.Debug|Any CPU.Build.0 = Debug|Any CPU
		{3CC59EB4-394B-4228-99E0-D7CA97732F48}.Release|Any CPU.ActiveCfg = Release|Any CPU
		{3CC59EB4-394B-4228-99E0-D7CA97732F48}.Release|Any CPU.Build.0 = Release|Any CPU
		{1D3A9AA1-63B6-4803-BEAE-19C09E8B8B5C}.Debug|Any CPU.ActiveCfg = Debug|Any CPU
		{1D3A9AA1-63B6-4803-BEAE-19C09E8B8B5C}.Debug|Any CPU.Build.0 = Debug|Any CPU
		{1D3A9AA1-63B6-4803-BEAE-19C09E8B8B5C}.Release|Any CPU.ActiveCfg = Release|Any CPU
		{1D3A9AA1-63B6-4803-BEAE-19C09E8B8B5C}.Release|Any CPU.Build.0 = Release|Any CPU
		{DE04E6AD-D3A9-43A7-A22F-1AB6903F2D16}.Debug|Any CPU.ActiveCfg = Debug|Any CPU
		{DE04E6AD-D3A9-43A7-A22F-1AB6903F2D16}.Debug|Any CPU.Build.0 = Debug|Any CPU
		{DE04E6AD-D3A9-43A7-A22F-1AB6903F2D16}.Release|Any CPU.ActiveCfg = Release|Any CPU
		{DE04E6AD-D3A9-43A7-A22F-1AB6903F2D16}.Release|Any CPU.Build.0 = Release|Any CPU
		{CFFB4E82-216D-460D-A5E5-227E910E72CC}.Debug|Any CPU.ActiveCfg = Debug|Any CPU
		{CFFB4E82-216D-460D-A5E5-227E910E72CC}.Debug|Any CPU.Build.0 = Debug|Any CPU
		{CFFB4E82-216D-460D-A5E5-227E910E72CC}.Release|Any CPU.ActiveCfg = Release|Any CPU
		{CFFB4E82-216D-460D-A5E5-227E910E72CC}.Release|Any CPU.Build.0 = Release|Any CPU
		{F558B345-A3EC-454F-A228-B01DF4314118}.Debug|Any CPU.ActiveCfg = Debug|Any CPU
		{F558B345-A3EC-454F-A228-B01DF4314118}.Debug|Any CPU.Build.0 = Debug|Any CPU
		{F558B345-A3EC-454F-A228-B01DF4314118}.Release|Any CPU.ActiveCfg = Release|Any CPU
		{F558B345-A3EC-454F-A228-B01DF4314118}.Release|Any CPU.Build.0 = Release|Any CPU
		{38BE8C6F-82CC-4B14-9BF9-E964774A60BD}.Debug|Any CPU.ActiveCfg = Debug|Any CPU
		{38BE8C6F-82CC-4B14-9BF9-E964774A60BD}.Debug|Any CPU.Build.0 = Debug|Any CPU
		{38BE8C6F-82CC-4B14-9BF9-E964774A60BD}.Release|Any CPU.ActiveCfg = Release|Any CPU
		{38BE8C6F-82CC-4B14-9BF9-E964774A60BD}.Release|Any CPU.Build.0 = Release|Any CPU
		{4E108403-20CA-4063-B803-9527C7D3B7E6}.Debug|Any CPU.ActiveCfg = Debug|Any CPU
		{4E108403-20CA-4063-B803-9527C7D3B7E6}.Debug|Any CPU.Build.0 = Debug|Any CPU
		{4E108403-20CA-4063-B803-9527C7D3B7E6}.Release|Any CPU.ActiveCfg = Release|Any CPU
		{4E108403-20CA-4063-B803-9527C7D3B7E6}.Release|Any CPU.Build.0 = Release|Any CPU
		{F20983EF-9AD8-4BB8-B455-1F8C75E7E90B}.Debug|Any CPU.ActiveCfg = Debug|Any CPU
		{F20983EF-9AD8-4BB8-B455-1F8C75E7E90B}.Debug|Any CPU.Build.0 = Debug|Any CPU
		{F20983EF-9AD8-4BB8-B455-1F8C75E7E90B}.Release|Any CPU.ActiveCfg = Release|Any CPU
		{F20983EF-9AD8-4BB8-B455-1F8C75E7E90B}.Release|Any CPU.Build.0 = Release|Any CPU
		{53A19812-9E8F-4C4E-8BF2-462D8B563406}.Debug|Any CPU.ActiveCfg = Debug|Any CPU
		{53A19812-9E8F-4C4E-8BF2-462D8B563406}.Debug|Any CPU.Build.0 = Debug|Any CPU
		{53A19812-9E8F-4C4E-8BF2-462D8B563406}.Release|Any CPU.ActiveCfg = Release|Any CPU
		{53A19812-9E8F-4C4E-8BF2-462D8B563406}.Release|Any CPU.Build.0 = Release|Any CPU
		{54C5E7BE-8690-40D6-A053-296B642EF98E}.Debug|Any CPU.ActiveCfg = Debug|Any CPU
		{54C5E7BE-8690-40D6-A053-296B642EF98E}.Debug|Any CPU.Build.0 = Debug|Any CPU
		{54C5E7BE-8690-40D6-A053-296B642EF98E}.Release|Any CPU.ActiveCfg = Release|Any CPU
		{54C5E7BE-8690-40D6-A053-296B642EF98E}.Release|Any CPU.Build.0 = Release|Any CPU
		{B8950AEC-6BA2-48EB-9392-91C7B7723979}.Debug|Any CPU.ActiveCfg = Debug|Any CPU
		{B8950AEC-6BA2-48EB-9392-91C7B7723979}.Debug|Any CPU.Build.0 = Debug|Any CPU
		{B8950AEC-6BA2-48EB-9392-91C7B7723979}.Release|Any CPU.ActiveCfg = Release|Any CPU
		{B8950AEC-6BA2-48EB-9392-91C7B7723979}.Release|Any CPU.Build.0 = Release|Any CPU
		{783C6345-2433-439E-B5FB-C7F841980818}.Debug|Any CPU.ActiveCfg = Debug|Any CPU
		{783C6345-2433-439E-B5FB-C7F841980818}.Debug|Any CPU.Build.0 = Debug|Any CPU
		{783C6345-2433-439E-B5FB-C7F841980818}.Release|Any CPU.ActiveCfg = Release|Any CPU
		{783C6345-2433-439E-B5FB-C7F841980818}.Release|Any CPU.Build.0 = Release|Any CPU
		{0FDADB21-7970-4EF1-BAC3-FFA8BD9C9C4D}.Debug|Any CPU.ActiveCfg = Debug|Any CPU
		{0FDADB21-7970-4EF1-BAC3-FFA8BD9C9C4D}.Debug|Any CPU.Build.0 = Debug|Any CPU
		{0FDADB21-7970-4EF1-BAC3-FFA8BD9C9C4D}.Release|Any CPU.ActiveCfg = Release|Any CPU
		{0FDADB21-7970-4EF1-BAC3-FFA8BD9C9C4D}.Release|Any CPU.Build.0 = Release|Any CPU
		{10832206-E0B0-4B56-8F35-585BB26ABEA5}.Debug|Any CPU.ActiveCfg = Debug|Any CPU
		{10832206-E0B0-4B56-8F35-585BB26ABEA5}.Debug|Any CPU.Build.0 = Debug|Any CPU
		{10832206-E0B0-4B56-8F35-585BB26ABEA5}.Debug|Any CPU.Deploy.0 = Debug|Any CPU
		{10832206-E0B0-4B56-8F35-585BB26ABEA5}.Release|Any CPU.ActiveCfg = Release|Any CPU
		{10832206-E0B0-4B56-8F35-585BB26ABEA5}.Release|Any CPU.Build.0 = Release|Any CPU
		{10832206-E0B0-4B56-8F35-585BB26ABEA5}.Release|Any CPU.Deploy.0 = Release|Any CPU
		{7830ACA3-06C2-4EAD-A800-EFF6361F7A64}.Debug|Any CPU.ActiveCfg = Debug|Any CPU
		{7830ACA3-06C2-4EAD-A800-EFF6361F7A64}.Debug|Any CPU.Build.0 = Debug|Any CPU
		{7830ACA3-06C2-4EAD-A800-EFF6361F7A64}.Release|Any CPU.ActiveCfg = Release|Any CPU
		{7830ACA3-06C2-4EAD-A800-EFF6361F7A64}.Release|Any CPU.Build.0 = Release|Any CPU
		{7EDB2DF0-8717-4E14-B2A1-E33F3976A86C}.Debug|Any CPU.ActiveCfg = Debug|Any CPU
		{7EDB2DF0-8717-4E14-B2A1-E33F3976A86C}.Debug|Any CPU.Build.0 = Debug|Any CPU
		{7EDB2DF0-8717-4E14-B2A1-E33F3976A86C}.Release|Any CPU.ActiveCfg = Release|Any CPU
		{7EDB2DF0-8717-4E14-B2A1-E33F3976A86C}.Release|Any CPU.Build.0 = Release|Any CPU
		{76116D09-D745-4B78-B308-19ED2560106F}.Debug|Any CPU.ActiveCfg = Debug|Any CPU
		{76116D09-D745-4B78-B308-19ED2560106F}.Debug|Any CPU.Build.0 = Debug|Any CPU
		{76116D09-D745-4B78-B308-19ED2560106F}.Release|Any CPU.ActiveCfg = Release|Any CPU
		{76116D09-D745-4B78-B308-19ED2560106F}.Release|Any CPU.Build.0 = Release|Any CPU
		{5B67EB65-EC4D-471F-8412-633CB63C5513}.Debug|Any CPU.ActiveCfg = Debug|Any CPU
		{5B67EB65-EC4D-471F-8412-633CB63C5513}.Debug|Any CPU.Build.0 = Debug|Any CPU
		{5B67EB65-EC4D-471F-8412-633CB63C5513}.Release|Any CPU.ActiveCfg = Release|Any CPU
		{5B67EB65-EC4D-471F-8412-633CB63C5513}.Release|Any CPU.Build.0 = Release|Any CPU
		{82692C93-079D-4695-8E77-418225396AA0}.Debug|Any CPU.ActiveCfg = Debug|Any CPU
		{82692C93-079D-4695-8E77-418225396AA0}.Debug|Any CPU.Build.0 = Debug|Any CPU
		{82692C93-079D-4695-8E77-418225396AA0}.Release|Any CPU.ActiveCfg = Release|Any CPU
		{82692C93-079D-4695-8E77-418225396AA0}.Release|Any CPU.Build.0 = Release|Any CPU
		{97E910DD-8865-4E2B-8BC5-9F0F1E1F1095}.Debug|Any CPU.ActiveCfg = Debug|Any CPU
		{97E910DD-8865-4E2B-8BC5-9F0F1E1F1095}.Debug|Any CPU.Build.0 = Debug|Any CPU
		{97E910DD-8865-4E2B-8BC5-9F0F1E1F1095}.Release|Any CPU.ActiveCfg = Release|Any CPU
		{97E910DD-8865-4E2B-8BC5-9F0F1E1F1095}.Release|Any CPU.Build.0 = Release|Any CPU
		{331695CC-B5A5-43B0-8F5D-A928F5EC4709}.Debug|Any CPU.ActiveCfg = Debug|Any CPU
		{331695CC-B5A5-43B0-8F5D-A928F5EC4709}.Debug|Any CPU.Build.0 = Debug|Any CPU
		{331695CC-B5A5-43B0-8F5D-A928F5EC4709}.Release|Any CPU.ActiveCfg = Release|Any CPU
		{331695CC-B5A5-43B0-8F5D-A928F5EC4709}.Release|Any CPU.Build.0 = Release|Any CPU
	EndGlobalSection
	GlobalSection(SolutionProperties) = preSolution
		HideSolutionNode = FALSE
	EndGlobalSection
	GlobalSection(NestedProjects) = preSolution
		{A8A35840-E19E-4E19-9FBA-2E4E9FA6AEE6} = {8F3B1B63-87E1-4799-A9E1-B48E073428C1}
		{CCD07EAB-287B-42EA-8046-9F6B1CA75E86} = {3EB25CCC-2EDC-4532-AB5F-8757D4268257}
		{3CC59EB4-394B-4228-99E0-D7CA97732F48} = {CCD07EAB-287B-42EA-8046-9F6B1CA75E86}
		{1D3A9AA1-63B6-4803-BEAE-19C09E8B8B5C} = {3EB25CCC-2EDC-4532-AB5F-8757D4268257}
		{DE04E6AD-D3A9-43A7-A22F-1AB6903F2D16} = {F8F5912C-9F4B-47BF-B234-9FD5E6057C47}
		{51723E8F-D29B-4283-BA19-DA78B7BFB665} = {48B2AD56-595E-4519-AD18-616A721CD82A}
		{52647330-D1FC-4D53-8125-B0E90A28AF0F} = {51723E8F-D29B-4283-BA19-DA78B7BFB665}
		{B68088AE-2440-4EA8-B526-32C7C3487F43} = {51723E8F-D29B-4283-BA19-DA78B7BFB665}
		{FA95D0C4-0783-4E66-BFE5-87F962126597} = {51723E8F-D29B-4283-BA19-DA78B7BFB665}
		{58202626-E190-4216-B531-81C19B06BD7B} = {51723E8F-D29B-4283-BA19-DA78B7BFB665}
		{CFFB4E82-216D-460D-A5E5-227E910E72CC} = {52647330-D1FC-4D53-8125-B0E90A28AF0F}
		{F558B345-A3EC-454F-A228-B01DF4314118} = {B68088AE-2440-4EA8-B526-32C7C3487F43}
		{38BE8C6F-82CC-4B14-9BF9-E964774A60BD} = {FA95D0C4-0783-4E66-BFE5-87F962126597}
		{4E108403-20CA-4063-B803-9527C7D3B7E6} = {58202626-E190-4216-B531-81C19B06BD7B}
		{304F2498-4826-4DAC-B2A9-A12BB960889B} = {48B2AD56-595E-4519-AD18-616A721CD82A}
		{DAE9BC9E-E750-4908-9DC8-529695DA3DFB} = {304F2498-4826-4DAC-B2A9-A12BB960889B}
		{1116B24A-8FCD-46B9-9B18-4CBE1F5844A4} = {304F2498-4826-4DAC-B2A9-A12BB960889B}
		{EDC8426F-AC47-4292-9453-A1BD92AB3B38} = {304F2498-4826-4DAC-B2A9-A12BB960889B}
		{2A077BED-C841-433F-BBDB-E64B3931FEFE} = {304F2498-4826-4DAC-B2A9-A12BB960889B}
		{F20983EF-9AD8-4BB8-B455-1F8C75E7E90B} = {DAE9BC9E-E750-4908-9DC8-529695DA3DFB}
		{53A19812-9E8F-4C4E-8BF2-462D8B563406} = {1116B24A-8FCD-46B9-9B18-4CBE1F5844A4}
		{54C5E7BE-8690-40D6-A053-296B642EF98E} = {EDC8426F-AC47-4292-9453-A1BD92AB3B38}
		{B8950AEC-6BA2-48EB-9392-91C7B7723979} = {2A077BED-C841-433F-BBDB-E64B3931FEFE}
		{5064F191-2C6D-45B5-A6FB-FD0D80DD271D} = {48B2AD56-595E-4519-AD18-616A721CD82A}
		{783C6345-2433-439E-B5FB-C7F841980818} = {5064F191-2C6D-45B5-A6FB-FD0D80DD271D}
		{34354A9E-3991-46CD-90E0-151414332950} = {48B2AD56-595E-4519-AD18-616A721CD82A}
		{DCE38E39-4AB4-498C-B876-30C65DB397DD} = {34354A9E-3991-46CD-90E0-151414332950}
		{0FDADB21-7970-4EF1-BAC3-FFA8BD9C9C4D} = {DCE38E39-4AB4-498C-B876-30C65DB397DD}
		{10832206-E0B0-4B56-8F35-585BB26ABEA5} = {8F3B1B63-87E1-4799-A9E1-B48E073428C1}
		{7830ACA3-06C2-4EAD-A800-EFF6361F7A64} = {9C62CC4D-F306-465F-AE53-012B72B94864}
		{1E3B3FF3-0155-4FCC-8DF8-5961665E135B} = {48B2AD56-595E-4519-AD18-616A721CD82A}
		{7D79C3AB-B2A3-443A-A803-9AE44F6A67B5} = {1E3B3FF3-0155-4FCC-8DF8-5961665E135B}
		{7EDB2DF0-8717-4E14-B2A1-E33F3976A86C} = {7D79C3AB-B2A3-443A-A803-9AE44F6A67B5}
		{09E36024-E385-4DEA-9BF5-A7A96F623DF9} = {1E3B3FF3-0155-4FCC-8DF8-5961665E135B}
		{5FD92B59-4EE9-4F9D-9594-2EDF9A53F2C4} = {1E3B3FF3-0155-4FCC-8DF8-5961665E135B}
		{F03C1DE1-D799-40E3-906D-4A80A29233C5} = {1E3B3FF3-0155-4FCC-8DF8-5961665E135B}
		{76116D09-D745-4B78-B308-19ED2560106F} = {F03C1DE1-D799-40E3-906D-4A80A29233C5}
		{5B67EB65-EC4D-471F-8412-633CB63C5513} = {5FD92B59-4EE9-4F9D-9594-2EDF9A53F2C4}
		{82692C93-079D-4695-8E77-418225396AA0} = {09E36024-E385-4DEA-9BF5-A7A96F623DF9}
		{C315AB40-BA6A-416A-B095-DB92EB3710D5} = {1E3B3FF3-0155-4FCC-8DF8-5961665E135B}
		{97E910DD-8865-4E2B-8BC5-9F0F1E1F1095} = {C315AB40-BA6A-416A-B095-DB92EB3710D5}
		{331695CC-B5A5-43B0-8F5D-A928F5EC4709} = {CD929C8D-1FC4-4262-B772-330493C97FD2}
	EndGlobalSection
	GlobalSection(ExtensibilityGlobals) = postSolution
		SolutionGuid = {B9FD23DD-B31F-4099-924D-9B4DC9ADA1DE}
	EndGlobalSection
EndGlobal
