
Microsoft Visual Studio Solution File, Format Version 12.00
# Visual Studio Version 17
VisualStudioVersion = 17.4.32804.182
MinimumVisualStudioVersion = 10.0.40219.1
Project("{9A19103F-16F7-4668-BE54-9A1E7A4F7556}") = "MyKudosDashboard", "MyKudosDashboard\MyKudosDashboard.csproj", "{A8A35840-E19E-4E19-9FBA-2E4E9FA6AEE6}"
EndProject
Project("{2150E333-8FDC-42A3-9474-1A3956D46DE8}") = "Microservices", "Microservices", "{48B2AD56-595E-4519-AD18-616A721CD82A}"
EndProject
Project("{2150E333-8FDC-42A3-9474-1A3956D46DE8}") = "Presentation", "Presentation", "{8F3B1B63-87E1-4799-A9E1-B48E073428C1}"
EndProject
Project("{2150E333-8FDC-42A3-9474-1A3956D46DE8}") = "Domain", "Domain", "{CCD07EAB-287B-42EA-8046-9F6B1CA75E86}"
EndProject
Project("{FAE04EC0-301F-11D3-BF4B-00C04F79EFBC}") = "MyKudos.Domain.Core", "MyKudos.Domain.Core\MyKudos.Domain.Core.csproj", "{3CC59EB4-394B-4228-99E0-D7CA97732F48}"
EndProject
Global
	GlobalSection(SolutionConfigurationPlatforms) = preSolution
		Debug|Any CPU = Debug|Any CPU
		Release|Any CPU = Release|Any CPU
	EndGlobalSection
	GlobalSection(ProjectConfigurationPlatforms) = postSolution
		{A8A35840-E19E-4E19-9FBA-2E4E9FA6AEE6}.Debug|Any CPU.ActiveCfg = Debug|Any CPU
		{A8A35840-E19E-4E19-9FBA-2E4E9FA6AEE6}.Debug|Any CPU.Build.0 = Debug|Any CPU
		{A8A35840-E19E-4E19-9FBA-2E4E9FA6AEE6}.Debug|Any CPU.Deploy.0 = Debug|Any CPU
		{A8A35840-E19E-4E19-9FBA-2E4E9FA6AEE6}.Release|Any CPU.ActiveCfg = Release|Any CPU
		{A8A35840-E19E-4E19-9FBA-2E4E9FA6AEE6}.Release|Any CPU.Build.0 = Release|Any CPU
		{A8A35840-E19E-4E19-9FBA-2E4E9FA6AEE6}.Release|Any CPU.Deploy.0 = Release|Any CPU
		{3CC59EB4-394B-4228-99E0-D7CA97732F48}.Debug|Any CPU.ActiveCfg = Debug|Any CPU
		{3CC59EB4-394B-4228-99E0-D7CA97732F48}.Debug|Any CPU.Build.0 = Debug|Any CPU
		{3CC59EB4-394B-4228-99E0-D7CA97732F48}.Release|Any CPU.ActiveCfg = Release|Any CPU
		{3CC59EB4-394B-4228-99E0-D7CA97732F48}.Release|Any CPU.Build.0 = Release|Any CPU
	EndGlobalSection
	GlobalSection(SolutionProperties) = preSolution
		HideSolutionNode = FALSE
	EndGlobalSection
	GlobalSection(NestedProjects) = preSolution
		{A8A35840-E19E-4E19-9FBA-2E4E9FA6AEE6} = {8F3B1B63-87E1-4799-A9E1-B48E073428C1}
		{3CC59EB4-394B-4228-99E0-D7CA97732F48} = {CCD07EAB-287B-42EA-8046-9F6B1CA75E86}
	EndGlobalSection
	GlobalSection(ExtensibilityGlobals) = postSolution
		SolutionGuid = {B9FD23DD-B31F-4099-924D-9B4DC9ADA1DE}
	EndGlobalSection
EndGlobal
