
Microsoft Visual Studio Solution File, Format Version 12.00
# Visual Studio Version 17
VisualStudioVersion = 17.5.33530.505
MinimumVisualStudioVersion = 10.0.40219.1
Project("{9A19103F-16F7-4668-BE54-9A1E7A4F7556}") = "teste", "teste.csproj", "{7B7B104D-1217-484E-B145-4636E07E92A8}"
EndProject
Project("{9A19103F-16F7-4668-BE54-9A1E7A4F7556}") = "MyKudos.Communication.Helper", "..\MyKudos.RestHelper\MyKudos.Communication.Helper.csproj", "{7FBA699E-5EFB-4128-A63D-11805B4F6FE4}"
EndProject
Global
	GlobalSection(SolutionConfigurationPlatforms) = preSolution
		Debug|Any CPU = Debug|Any CPU
		Release|Any CPU = Release|Any CPU
	EndGlobalSection
	GlobalSection(ProjectConfigurationPlatforms) = postSolution
		{7B7B104D-1217-484E-B145-4636E07E92A8}.Debug|Any CPU.ActiveCfg = Debug|Any CPU
		{7B7B104D-1217-484E-B145-4636E07E92A8}.Debug|Any CPU.Build.0 = Debug|Any CPU
		{7B7B104D-1217-484E-B145-4636E07E92A8}.Debug|Any CPU.Deploy.0 = Debug|Any CPU
		{7B7B104D-1217-484E-B145-4636E07E92A8}.Release|Any CPU.ActiveCfg = Release|Any CPU
		{7B7B104D-1217-484E-B145-4636E07E92A8}.Release|Any CPU.Build.0 = Release|Any CPU
		{7B7B104D-1217-484E-B145-4636E07E92A8}.Release|Any CPU.Deploy.0 = Release|Any CPU
		{7FBA699E-5EFB-4128-A63D-11805B4F6FE4}.Debug|Any CPU.ActiveCfg = Debug|Any CPU
		{7FBA699E-5EFB-4128-A63D-11805B4F6FE4}.Debug|Any CPU.Build.0 = Debug|Any CPU
		{7FBA699E-5EFB-4128-A63D-11805B4F6FE4}.Release|Any CPU.ActiveCfg = Release|Any CPU
		{7FBA699E-5EFB-4128-A63D-11805B4F6FE4}.Release|Any CPU.Build.0 = Release|Any CPU
	EndGlobalSection
	GlobalSection(SolutionProperties) = preSolution
		HideSolutionNode = FALSE
	EndGlobalSection
	GlobalSection(ExtensibilityGlobals) = postSolution
		SolutionGuid = {4F206803-0066-426A-9A3D-9800515F20AC}
	EndGlobalSection
EndGlobal
